<?xml version="1.0" encoding="utf-8"?>
<Project ToolsVersion="4.0" xmlns="http://schemas.microsoft.com/developer/msbuild/2003">
  <ItemGroup>
    <ClCompile Include="Imgui\imgui.cpp">
      <Filter>Imgui</Filter>
    </ClCompile>
    <ClCompile Include="Imgui\imgui_demo.cpp">
      <Filter>Imgui</Filter>
    </ClCompile>
    <ClCompile Include="Imgui\imgui_draw.cpp">
      <Filter>Imgui</Filter>
    </ClCompile>
    <ClCompile Include="Imgui\imgui_impl_opengl3.cpp">
      <Filter>Imgui</Filter>
    </ClCompile>
    <ClCompile Include="Imgui\imgui_impl_sdl.cpp">
      <Filter>Imgui</Filter>
    </ClCompile>
    <ClCompile Include="Imgui\imgui_widgets.cpp">
      <Filter>Imgui</Filter>
    </ClCompile>
    <ClCompile Include="Src\Assets\MeshData.cpp">
      <Filter>Assets</Filter>
    </ClCompile>
    <ClCompile Include="Src\Assets\OBJLoader.cpp">
      <Filter>Assets</Filter>
    </ClCompile>
    <ClCompile Include="Src\Assets\Texture.cpp">
      <Filter>Assets</Filter>
    </ClCompile>
    <ClCompile Include="Src\BVH\Builders\CWBVHBuilder.cpp">
      <Filter>BVH\Builders</Filter>
    </ClCompile>
    <ClCompile Include="Src\BVH\Builders\QBVHBuilder.cpp">
      <Filter>BVH\Builders</Filter>
    </ClCompile>
    <ClCompile Include="Src\BVH\Builders\SBVHBuilder.cpp">
      <Filter>BVH\Builders</Filter>
    </ClCompile>
    <ClCompile Include="Src\CUDA\CUDAContext.cpp">
      <Filter>CUDA</Filter>
    </ClCompile>
    <ClCompile Include="Src\CUDA\CUDAMemory.cpp">
      <Filter>CUDA</Filter>
    </ClCompile>
    <ClCompile Include="Src\CUDA\CUDAModule.cpp">
      <Filter>CUDA</Filter>
    </ClCompile>
    <ClCompile Include="Src\Pathtracer\Camera.cpp">
      <Filter>Pathtracer</Filter>
    </ClCompile>
    <ClCompile Include="Src\Pathtracer\Mesh.cpp">
      <Filter>Pathtracer</Filter>
    </ClCompile>
    <ClCompile Include="Src\Pathtracer\Pathtracer.cpp">
      <Filter>Pathtracer</Filter>
    </ClCompile>
    <ClCompile Include="Src\Pathtracer\Scene.cpp">
      <Filter>Pathtracer</Filter>
    </ClCompile>
    <ClCompile Include="Src\Pathtracer\Sky.cpp">
      <Filter>Pathtracer</Filter>
    </ClCompile>
    <ClCompile Include="Src\Util\BitArray.cpp">
      <Filter>Util</Filter>
    </ClCompile>
    <ClCompile Include="Src\Util\PerfTest.cpp">
      <Filter>Util</Filter>
    </ClCompile>
    <ClCompile Include="Src\Util\Util.cpp">
      <Filter>Util</Filter>
    </ClCompile>
    <ClCompile Include="Src\Input.cpp" />
    <ClCompile Include="Src\Main.cpp" />
    <ClCompile Include="Src\Window.cpp" />
    <ClCompile Include="Src\BVH\BVHOptimizer.cpp">
      <Filter>BVH</Filter>
    </ClCompile>
    <ClCompile Include="Src\Math\AABB.cpp">
      <Filter>Math</Filter>
    </ClCompile>
    <ClCompile Include="Src\Util\Shader.cpp">
      <Filter>Util</Filter>
    </ClCompile>
    <ClCompile Include="Src\Assets\MitsubaLoader.cpp">
      <Filter>Assets</Filter>
    </ClCompile>
    <ClCompile Include="Src\Assets\AssetManager.cpp">
      <Filter>Assets</Filter>
    </ClCompile>
    <ClCompile Include="Src\Assets\BVHLoader.cpp">
      <Filter>Assets</Filter>
    </ClCompile>
    <ClCompile Include="Src\Assets\TextureLoader.cpp">
      <Filter>Assets</Filter>
    </ClCompile>
    <ClCompile Include="Src\Util\Geometry.cpp">
      <Filter>Util</Filter>
    </ClCompile>
    <ClCompile Include="include\miniz\miniz.c">
      <Filter>Util</Filter>
    </ClCompile>
    <ClCompile Include="Src\Util\ThreadPool.cpp">
      <Filter>Util</Filter>
    </ClCompile>
    <ClCompile Include="Src\Math\Mipmap.cpp">
      <Filter>Math</Filter>
    </ClCompile>
    <ClCompile Include="Src\Assets\PLYLoader.cpp">
      <Filter>Assets</Filter>
    </ClCompile>
    <ClCompile Include="Src\BVH\Builders\BVHBuilder.cpp">
      <Filter>BVH\Builders</Filter>
    </ClCompile>
    <ClCompile Include="Src\Util\PMJ.cpp">
      <Filter>Util</Filter>
    </ClCompile>
    <ClCompile Include="Src\BVH\BVH.cpp">
      <Filter>BVH</Filter>
    </ClCompile>
    <ClCompile Include="Src\Util\BlueNoise.cpp">
      <Filter>Util</Filter>
    </ClCompile>
    <ClCompile Include="Src\BVH\BVHCollapser.cpp">
      <Filter>BVH</Filter>
    </ClCompile>
    <ClCompile Include="Src\Util\Mutex.cpp">
      <Filter>Util</Filter>
    </ClCompile>
  </ItemGroup>
  <ItemGroup>
    <Filter Include="CUDA">
      <UniqueIdentifier>{05d166cc-0368-4859-a6e2-171631634c79}</UniqueIdentifier>
    </Filter>
    <Filter Include="Math">
      <UniqueIdentifier>{8eb0591e-caaa-4325-b7bf-48400ec23114}</UniqueIdentifier>
    </Filter>
    <Filter Include="Util">
      <UniqueIdentifier>{6eaa1676-e701-4882-b170-3a0e78e0e0fb}</UniqueIdentifier>
    </Filter>
    <Filter Include="BVH">
      <UniqueIdentifier>{ebb62919-8744-439d-9578-09dfe535ab82}</UniqueIdentifier>
    </Filter>
    <Filter Include="Pathtracer">
      <UniqueIdentifier>{294a8797-60a4-4a69-b01a-7c9af82a64c9}</UniqueIdentifier>
    </Filter>
    <Filter Include="Assets">
      <UniqueIdentifier>{6f3338e2-ac89-4452-8dcb-2d4fb9144c6e}</UniqueIdentifier>
    </Filter>
    <Filter Include="Imgui">
      <UniqueIdentifier>{037b16ff-a350-4457-a943-8623a74530aa}</UniqueIdentifier>
    </Filter>
    <Filter Include="BVH\Builders">
      <UniqueIdentifier>{2a80c523-a358-438a-aead-602c959f8290}</UniqueIdentifier>
    </Filter>
  </ItemGroup>
  <ItemGroup>
    <ClInclude Include="Imgui\imconfig.h">
      <Filter>Imgui</Filter>
    </ClInclude>
    <ClInclude Include="Imgui\imgui.h">
      <Filter>Imgui</Filter>
    </ClInclude>
    <ClInclude Include="Imgui\imgui_impl_opengl3.h">
      <Filter>Imgui</Filter>
    </ClInclude>
    <ClInclude Include="Imgui\imgui_impl_sdl.h">
      <Filter>Imgui</Filter>
    </ClInclude>
    <ClInclude Include="Imgui\imgui_internal.h">
      <Filter>Imgui</Filter>
    </ClInclude>
    <ClInclude Include="Imgui\imstb_rectpack.h">
      <Filter>Imgui</Filter>
    </ClInclude>
    <ClInclude Include="Imgui\imstb_textedit.h">
      <Filter>Imgui</Filter>
    </ClInclude>
    <ClInclude Include="Imgui\imstb_truetype.h">
      <Filter>Imgui</Filter>
    </ClInclude>
    <ClInclude Include="CUDA_Source\Common.h">
      <Filter>CUDA</Filter>
    </ClInclude>
    <ClInclude Include="Src\Assets\Material.h">
      <Filter>Assets</Filter>
    </ClInclude>
    <ClInclude Include="Src\Assets\MeshData.h">
      <Filter>Assets</Filter>
    </ClInclude>
    <ClInclude Include="Src\Assets\OBJLoader.h">
      <Filter>Assets</Filter>
    </ClInclude>
    <ClInclude Include="Src\Assets\Texture.h">
      <Filter>Assets</Filter>
    </ClInclude>
    <ClInclude Include="Src\BVH\BVH.h">
      <Filter>BVH</Filter>
    </ClInclude>
    <ClInclude Include="Src\BVH\Builders\BVHBuilder.h">
      <Filter>BVH\Builders</Filter>
    </ClInclude>
    <ClInclude Include="Src\BVH\Builders\BVHPartitions.h">
      <Filter>BVH\Builders</Filter>
    </ClInclude>
    <ClInclude Include="Src\BVH\Builders\CWBVHBuilder.h">
      <Filter>BVH\Builders</Filter>
    </ClInclude>
    <ClInclude Include="Src\BVH\Builders\QBVHBuilder.h">
      <Filter>BVH\Builders</Filter>
    </ClInclude>
    <ClInclude Include="Src\BVH\Builders\SBVHBuilder.h">
      <Filter>BVH\Builders</Filter>
    </ClInclude>
    <ClInclude Include="Src\CUDA\CUDACall.h">
      <Filter>CUDA</Filter>
    </ClInclude>
    <ClInclude Include="Src\CUDA\CUDAContext.h">
      <Filter>CUDA</Filter>
    </ClInclude>
    <ClInclude Include="Src\CUDA\CUDAEvent.h">
      <Filter>CUDA</Filter>
    </ClInclude>
    <ClInclude Include="Src\CUDA\CUDAKernel.h">
      <Filter>CUDA</Filter>
    </ClInclude>
    <ClInclude Include="Src\CUDA\CUDAMemory.h">
      <Filter>CUDA</Filter>
    </ClInclude>
    <ClInclude Include="Src\CUDA\CUDAModule.h">
      <Filter>CUDA</Filter>
    </ClInclude>
    <ClInclude Include="Src\Math\Math.h">
      <Filter>Math</Filter>
    </ClInclude>
    <ClInclude Include="Src\Math\Matrix4.h">
      <Filter>Math</Filter>
    </ClInclude>
    <ClInclude Include="Src\Math\Quaternion.h">
      <Filter>Math</Filter>
    </ClInclude>
    <ClInclude Include="Src\Math\Vector2.h">
      <Filter>Math</Filter>
    </ClInclude>
    <ClInclude Include="Src\Math\Vector3.h">
      <Filter>Math</Filter>
    </ClInclude>
    <ClInclude Include="Src\Math\Vector4.h">
      <Filter>Math</Filter>
    </ClInclude>
    <ClInclude Include="Src\Pathtracer\Camera.h">
      <Filter>Pathtracer</Filter>
    </ClInclude>
    <ClInclude Include="Src\Pathtracer\Mesh.h">
      <Filter>Pathtracer</Filter>
    </ClInclude>
    <ClInclude Include="Src\Pathtracer\Pathtracer.h">
      <Filter>Pathtracer</Filter>
    </ClInclude>
    <ClInclude Include="Src\Pathtracer\Scene.h">
      <Filter>Pathtracer</Filter>
    </ClInclude>
    <ClInclude Include="Src\Pathtracer\Sky.h">
      <Filter>Pathtracer</Filter>
    </ClInclude>
    <ClInclude Include="Src\Pathtracer\Triangle.h">
      <Filter>Pathtracer</Filter>
    </ClInclude>
    <ClInclude Include="Src\Util\BitArray.h">
      <Filter>Util</Filter>
    </ClInclude>
    <ClInclude Include="Src\Util\PerfTest.h">
      <Filter>Util</Filter>
    </ClInclude>
    <ClInclude Include="Src\Util\ScopeTimer.h">
      <Filter>Util</Filter>
    </ClInclude>
    <ClInclude Include="Src\Util\Util.h">
      <Filter>Util</Filter>
    </ClInclude>
    <ClInclude Include="Src\Input.h" />
    <ClInclude Include="Src\Window.h" />
    <ClInclude Include="Src\BVH\BVHOptimizer.h">
      <Filter>BVH</Filter>
    </ClInclude>
    <ClInclude Include="Src\Math\AABB.h">
      <Filter>Math</Filter>
    </ClInclude>
    <ClInclude Include="Src\Util\Shader.h">
      <Filter>Util</Filter>
    </ClInclude>
    <ClInclude Include="Src\Assets\MitsubaLoader.h">
      <Filter>Assets</Filter>
    </ClInclude>
    <ClInclude Include="Src\Assets\AssetManager.h">
      <Filter>Assets</Filter>
    </ClInclude>
    <ClInclude Include="Src\Assets\BVHLoader.h">
      <Filter>Assets</Filter>
    </ClInclude>
    <ClInclude Include="Src\Assets\TextureLoader.h">
      <Filter>Assets</Filter>
    </ClInclude>
    <ClInclude Include="Src\Util\Geometry.h">
      <Filter>Util</Filter>
    </ClInclude>
    <ClInclude Include="Src\Util\StringView.h">
      <Filter>Util</Filter>
    </ClInclude>
    <ClInclude Include="Src\Util\ThreadPool.h">
      <Filter>Util</Filter>
    </ClInclude>
    <ClInclude Include="Src\Math\Mipmap.h">
      <Filter>Math</Filter>
    </ClInclude>
    <ClInclude Include="Src\Util\HashMap.h">
      <Filter>Util</Filter>
    </ClInclude>
    <ClInclude Include="Src\Util\Array.h">
      <Filter>Util</Filter>
    </ClInclude>
    <ClInclude Include="Src\Util\String.h">
      <Filter>Util</Filter>
    </ClInclude>
    <ClInclude Include="Src\Util\Parser.h">
      <Filter>Util</Filter>
    </ClInclude>
    <ClInclude Include="Src\Assets\PLYLoader.h">
      <Filter>Assets</Filter>
    </ClInclude>
    <ClInclude Include="Src\Util\PMJ.h">
      <Filter>Util</Filter>
    </ClInclude>
    <ClInclude Include="Src\Config.h">
      <Filter>Util</Filter>
    </ClInclude>
    <ClInclude Include="Src\Util\BlueNoise.h">
      <Filter>Util</Filter>
    </ClInclude>
    <ClInclude Include="Src\BVH\BVHCollapser.h">
      <Filter>BVH</Filter>
    </ClInclude>
    <ClInclude Include="Src\Util\Mutex.h">
      <Filter>Util</Filter>
    </ClInclude>
    <ClInclude Include="Src\Util\MinHeap.h">
      <Filter>Util</Filter>
    </ClInclude>
    <ClInclude Include="Src\Util\Random.h">
      <Filter>Util</Filter>
    </ClInclude>
  </ItemGroup>
</Project>