<?xml version="1.0" encoding="utf-8"?>
<Project ToolsVersion="4.0" xmlns="http://schemas.microsoft.com/developer/msbuild/2003">
  <ItemGroup>
    <ClCompile Include="Main.cpp" />
    <ClCompile Include="CUDAModule.cpp">
      <Filter>Cuda</Filter>
    </ClCompile>
    <ClCompile Include="Camera.cpp" />
    <ClCompile Include="MeshData.cpp">
      <Filter>Assets</Filter>
    </ClCompile>
    <ClCompile Include="Util.cpp">
      <Filter>Util</Filter>
    </ClCompile>
    <ClCompile Include="Texture.cpp">
      <Filter>Assets</Filter>
    </ClCompile>
  </ItemGroup>
  <ItemGroup>
    <ClInclude Include="CUDAModule.h">
      <Filter>Cuda</Filter>
    </ClInclude>
    <ClInclude Include="CUDAKernel.h">
      <Filter>Cuda</Filter>
    </ClInclude>
    <ClInclude Include="CUDACall.h">
      <Filter>Cuda</Filter>
    </ClInclude>
    <ClInclude Include="Math.h">
      <Filter>Math</Filter>
    </ClInclude>
    <ClInclude Include="Matrix4.h">
      <Filter>Math</Filter>
    </ClInclude>
    <ClInclude Include="Quaternion.h">
      <Filter>Math</Filter>
    </ClInclude>
    <ClInclude Include="Vector2.h">
      <Filter>Math</Filter>
    </ClInclude>
    <ClInclude Include="Vector3.h">
      <Filter>Math</Filter>
    </ClInclude>
    <ClInclude Include="ScopedTimer.h">
      <Filter>Util</Filter>
    </ClInclude>
    <ClInclude Include="Util.h">
      <Filter>Util</Filter>
    </ClInclude>
    <ClInclude Include="Common.h">
      <Filter>Cuda</Filter>
    </ClInclude>
    <ClInclude Include="Camera.h" />
    <ClInclude Include="MeshData.h">
      <Filter>Assets</Filter>
    </ClInclude>
    <ClInclude Include="CUDAMemory.h">
      <Filter>Cuda</Filter>
    </ClInclude>
    <ClInclude Include="Material.h">
      <Filter>Assets</Filter>
    </ClInclude>
    <ClInclude Include="Texture.h">
      <Filter>Assets</Filter>
    </ClInclude>
  </ItemGroup>
  <ItemGroup>
    <Filter Include="Cuda">
      <UniqueIdentifier>{a4f54f2b-a390-4d7d-b120-4a13438f1cf5}</UniqueIdentifier>
    </Filter>
    <Filter Include="Math">
      <UniqueIdentifier>{609e9c81-27a0-455e-a02b-cede3b58af74}</UniqueIdentifier>
    </Filter>
    <Filter Include="Util">
      <UniqueIdentifier>{f58db33f-0e75-4032-816e-4a1b082d4199}</UniqueIdentifier>
    </Filter>
    <Filter Include="Assets">
      <UniqueIdentifier>{94ffa964-4e08-4625-8fa7-8b6ff6a47f52}</UniqueIdentifier>
    </Filter>
  </ItemGroup>
</Project>